{
  "version": "5",
  "specifiers": {
    "npm:@hono/zod-validator@~0.7.5": "0.7.5_hono@4.11.1_zod@4.2.1",
    "npm:hono@^4.11.1": "4.11.1",
    "npm:ky@^1.14.1": "1.14.1",
    "npm:zod@^4.2.1": "4.2.1"
  },
  "npm": {
    "@hono/zod-validator@0.7.5_hono@4.11.1_zod@4.2.1": {
      "integrity": "sha512-n4l4hutkfYU07PzRUHBOVzUEn38VSfrh+UVE5d0w4lyfWDOEhzxIupqo5iakRiJL44c3vTuFJBvcmUl8b9agIA==",
      "dependencies": [
        "hono",
        "zod"
      ]
    },
    "hono@4.11.1": {
      "integrity": "sha512-KsFcH0xxHes0J4zaQgWbYwmz3UPOOskdqZmItstUG93+Wk1ePBLkLGwbP9zlmh1BFUiL8Qp+Xfu9P7feJWpGNg=="
    },
    "ky@1.14.1": {
      "integrity": "sha512-hYje4L9JCmpEQBtudo+v52X5X8tgWXUYyPcxKSuxQNboqufecl9VMWjGiucAFH060AwPXHZuH+WB2rrqfkmafw=="
    },
    "zod@4.2.1": {
      "integrity": "sha512-0wZ1IRqGGhMP76gLqz8EyfBXKk0J2qo2+H3fi4mcUP/KtTocoX08nmIAHl1Z2kJIZbZee8KOpBCSNPRgauucjw=="
    }
  },
  "workspace": {
    "dependencies": [
      "npm:@hono/zod-validator@~0.7.5",
      "npm:hono@^4.11.1",
      "npm:ky@^1.14.1",
      "npm:zod@^4.2.1"
    ]
  }
}
